
Microsoft Visual Studio Solution File, Format Version 12.00
# Visual Studio Version 17
VisualStudioVersion = 17.9.34728.123
MinimumVisualStudioVersion = 10.0.40219.1
Project("{9A19103F-16F7-4668-BE54-9A1E7A4F7556}") = "JackpotManagement", "JackpotManagement.csproj", "{532C7B1E-929D-4CC8-B4BF-B53957A30069}"
EndProject
Project("{FAE04EC0-301F-11D3-BF4B-00C04F79EFBC}") = "JackpotManagementTests", "..\JackpotManagementTests\JackpotManagementTests.csproj", "{5DAA5526-7AFD-400F-ADEC-3739D621D09C}"
EndProject
Global
	GlobalSection(SolutionConfigurationPlatforms) = preSolution
		Debug|Any CPU = Debug|Any CPU
		Release|Any CPU = Release|Any CPU
	EndGlobalSection
	GlobalSection(ProjectConfigurationPlatforms) = postSolution
		{532C7B1E-929D-4CC8-B4BF-B53957A30069}.Debug|Any CPU.ActiveCfg = Debug|Any CPU
		{532C7B1E-929D-4CC8-B4BF-B53957A30069}.Debug|Any CPU.Build.0 = Debug|Any CPU
		{532C7B1E-929D-4CC8-B4BF-B53957A30069}.Release|Any CPU.ActiveCfg = Release|Any CPU
		{532C7B1E-929D-4CC8-B4BF-B53957A30069}.Release|Any CPU.Build.0 = Release|Any CPU
		{5DAA5526-7AFD-400F-ADEC-3739D621D09C}.Debug|Any CPU.ActiveCfg = Debug|Any CPU
		{5DAA5526-7AFD-400F-ADEC-3739D621D09C}.Debug|Any CPU.Build.0 = Debug|Any CPU
		{5DAA5526-7AFD-400F-ADEC-3739D621D09C}.Release|Any CPU.ActiveCfg = Release|Any CPU
		{5DAA5526-7AFD-400F-ADEC-3739D621D09C}.Release|Any CPU.Build.0 = Release|Any CPU
	EndGlobalSection
	GlobalSection(SolutionProperties) = preSolution
		HideSolutionNode = FALSE
	EndGlobalSection
	GlobalSection(ExtensibilityGlobals) = postSolution
		SolutionGuid = {3BF98FAC-DC17-4CDE-BE9F-B463D8530D36}
	EndGlobalSection
EndGlobal
